
Microsoft Visual Studio Solution File, Format Version 12.00
# Visual Studio Version 16
VisualStudioVersion = 16.0.30011.22
MinimumVisualStudioVersion = 10.0.40219.1
Project("{8BC9CEB8-8B4A-11D0-8D11-00A0C91BC942}") = "RLang", "RLang\RLang.vcxproj", "{1412E840-BF0A-4E0A-9AA8-D7ACFC564D54}"
EndProject
Global
	GlobalSection(SolutionConfigurationPlatforms) = preSolution
		Debug|x64 = Debug|x64
		Debug|x86 = Debug|x86
		Release|x64 = Release|x64
		Release|x86 = Release|x86
	EndGlobalSection
	GlobalSection(ProjectConfigurationPlatforms) = postSolution
		{1412E840-BF0A-4E0A-9AA8-D7ACFC564D54}.Debug|x64.ActiveCfg = Debug|x64
		{1412E840-BF0A-4E0A-9AA8-D7ACFC564D54}.Debug|x64.Build.0 = Debug|x64
		{1412E840-BF0A-4E0A-9AA8-D7ACFC564D54}.Debug|x86.ActiveCfg = Debug|Win32
		{1412E840-BF0A-4E0A-9AA8-D7ACFC564D54}.Debug|x86.Build.0 = Debug|Win32
		{1412E840-BF0A-4E0A-9AA8-D7ACFC564D54}.Release|x64.ActiveCfg = Release|x64
		{1412E840-BF0A-4E0A-9AA8-D7ACFC564D54}.Release|x64.Build.0 = Release|x64
		{1412E840-BF0A-4E0A-9AA8-D7ACFC564D54}.Release|x86.ActiveCfg = Release|Win32
		{1412E840-BF0A-4E0A-9AA8-D7ACFC564D54}.Release|x86.Build.0 = Release|Win32
	EndGlobalSection
	GlobalSection(SolutionProperties) = preSolution
		HideSolutionNode = FALSE
	EndGlobalSection
	GlobalSection(ExtensibilityGlobals) = postSolution
		SolutionGuid = {0C88F1DE-D0E2-4A99-9DED-5BE0C2639C43}
	EndGlobalSection
EndGlobal
